lockfileVersion: '9.0'

settings:
  autoInstallPeers: true
  excludeLinksFromLockfile: false

importers:

  .:
    devDependencies:
      deepmerge-ts:
        specifier: ^8.0.0
        version: 8.0.2

packages:

  deepmerge-ts@8.0.2:
    resolution: {integrity: sha512-uqbvqLUMrc6p0MO+WBRtTxY55hmyh94WRwI5a++PZe54X+bfVh59FSN7uWCBCW1CCVjzjnrwzfI8zidE2obMMw==}
    engines: {node: '>=16.9.0'}

snapshots:

  deepmerge-ts@8.0.2: {}
